{
    "_readme": [
        "This file locks the dependencies of your project to a known state",
        "Read more about it at http://getcomposer.org/doc/01-basic-usage.md#composer-lock-the-lock-file",
        "This file is @generated automatically"
    ],
    "hash": "882a6c731e8b45f386a4a5b5346a5dfc",
    "packages": [
        {
            "name": "cybermonde/odtphp",
            "version": "dev-master",
            "source": {
                "type": "git",
                "url": "https://github.com/cybermonde/odtphp.git",
                "reference": "4bfd06fdccd8569e01bf3ae42e800dae1e4195fa"
            },
            "dist": {
                "type": "zip",
                "url": "https://api.github.com/repos/cybermonde/odtphp/zipball/4bfd06fdccd8569e01bf3ae42e800dae1e4195fa",
                "reference": "4bfd06fdccd8569e01bf3ae42e800dae1e4195fa",
                "shasum": ""
            },
            "require": {
                "php": ">=5.2.4"
            },
            "type": "library",
            "autoload": {
                "classmap": [
                    "library"
                ]
            },
            "notification-url": "https://packagist.org/downloads/",
            "license": [
                "GPL"
            ],
            "description": "ODT document generator",
            "homepage": "https://github.com/cybermonde/odtphp",
            "keywords": [
                "odt",
                "php"
            ],
            "time": "2015-01-22 07:26:26"
        }
    ],
    "packages-dev": [],
    "aliases": [],
    "minimum-stability": "stable",
    "stability-flags": {
        "cybermonde/odtphp": 20
    },
    "prefer-stable": false,
    "prefer-lowest": false,
    "platform": [],
    "platform-dev": []
}
